
Microsoft Visual Studio Solution File, Format Version 12.00
# Visual Studio Version 16
VisualStudioVersion = 25.0.1706.7
MinimumVisualStudioVersion = 10.0.40219.1
Project("{FAE04EC0-301F-11D3-BF4B-00C04F79EFBC}") = "AperionQB.Infrastructure", "src\AperionQB.Infrastructure\AperionQB.Infrastructure.csproj", "{576AA843-EA30-444A-9A9F-335BDEDD97D0}"
EndProject
Project("{FAE04EC0-301F-11D3-BF4B-00C04F79EFBC}") = "AperionQB.Domain", "src\AperionQB.Domain\AperionQB.Domain.csproj", "{C5DC6E9B-F046-45CD-8862-3BBA89C79B2A}"
EndProject
Project("{FAE04EC0-301F-11D3-BF4B-00C04F79EFBC}") = "AperionQB.Application", "src\AperionQB.Application\AperionQB.Application.csproj", "{725056F5-8C6A-4270-85FA-0427BC6298BD}"
EndProject
Project("{FAE04EC0-301F-11D3-BF4B-00C04F79EFBC}") = "AperionQB.Api", "src\AperionQB.Api\AperionQB.Api.csproj", "{753790AB-BCAC-49E5-89F3-CC9D85AD5BEE}"
EndProject
Global
	GlobalSection(SolutionConfigurationPlatforms) = preSolution
		Debug|Any CPU = Debug|Any CPU
		Release|Any CPU = Release|Any CPU
	EndGlobalSection
	GlobalSection(ProjectConfigurationPlatforms) = postSolution
		{576AA843-EA30-444A-9A9F-335BDEDD97D0}.Debug|Any CPU.ActiveCfg = Debug|Any CPU
		{576AA843-EA30-444A-9A9F-335BDEDD97D0}.Debug|Any CPU.Build.0 = Debug|Any CPU
		{576AA843-EA30-444A-9A9F-335BDEDD97D0}.Release|Any CPU.ActiveCfg = Release|Any CPU
		{576AA843-EA30-444A-9A9F-335BDEDD97D0}.Release|Any CPU.Build.0 = Release|Any CPU
		{C5DC6E9B-F046-45CD-8862-3BBA89C79B2A}.Debug|Any CPU.ActiveCfg = Debug|Any CPU
		{C5DC6E9B-F046-45CD-8862-3BBA89C79B2A}.Debug|Any CPU.Build.0 = Debug|Any CPU
		{C5DC6E9B-F046-45CD-8862-3BBA89C79B2A}.Release|Any CPU.ActiveCfg = Release|Any CPU
		{C5DC6E9B-F046-45CD-8862-3BBA89C79B2A}.Release|Any CPU.Build.0 = Release|Any CPU
		{725056F5-8C6A-4270-85FA-0427BC6298BD}.Debug|Any CPU.ActiveCfg = Debug|Any CPU
		{725056F5-8C6A-4270-85FA-0427BC6298BD}.Debug|Any CPU.Build.0 = Debug|Any CPU
		{725056F5-8C6A-4270-85FA-0427BC6298BD}.Release|Any CPU.ActiveCfg = Release|Any CPU
		{725056F5-8C6A-4270-85FA-0427BC6298BD}.Release|Any CPU.Build.0 = Release|Any CPU
		{753790AB-BCAC-49E5-89F3-CC9D85AD5BEE}.Debug|Any CPU.ActiveCfg = Debug|Any CPU
		{753790AB-BCAC-49E5-89F3-CC9D85AD5BEE}.Debug|Any CPU.Build.0 = Debug|Any CPU
		{753790AB-BCAC-49E5-89F3-CC9D85AD5BEE}.Release|Any CPU.ActiveCfg = Release|Any CPU
		{753790AB-BCAC-49E5-89F3-CC9D85AD5BEE}.Release|Any CPU.Build.0 = Release|Any CPU
	EndGlobalSection
	GlobalSection(SolutionProperties) = preSolution
		HideSolutionNode = FALSE
	EndGlobalSection
	GlobalSection(ExtensibilityGlobals) = postSolution
		SolutionGuid = {D2A7649C-4584-4421-A0B0-A177456EFC30}
	EndGlobalSection
EndGlobal
